
Microsoft Visual Studio Solution File, Format Version 12.00
# Visual Studio 14
VisualStudioVersion = 14.0.25123.0
MinimumVisualStudioVersion = 10.0.40219.1
Project("{FAE04EC0-301F-11D3-BF4B-00C04F79EFBC}") = "Alligator", "Alligator\Alligator.csproj", "{2E3B219E-7BD2-4F75-BFAF-9B7735827ED4}"
EndProject
Project("{FAE04EC0-301F-11D3-BF4B-00C04F79EFBC}") = "Robot", "Robot\Robot.csproj", "{06A0AF0C-5092-4891-BA7E-216CBCDECAE5}"
	ProjectSection(ProjectDependencies) = postProject
		{2E3B219E-7BD2-4F75-BFAF-9B7735827ED4} = {2E3B219E-7BD2-4F75-BFAF-9B7735827ED4}
	EndProjectSection
EndProject
Project("{FAE04EC0-301F-11D3-BF4B-00C04F79EFBC}") = "StructuralDynamics", "StructuralDynamics\StructuralDynamics.csproj", "{D6DFAEC2-6DEB-41B0-ADF2-5DBE009DC894}"
EndProject
Project("{FAE04EC0-301F-11D3-BF4B-00C04F79EFBC}") = "SportVenueEvent", "SportVenueEvent\SportVenueEvent.csproj", "{0E6AC63F-EE17-4655-84E9-558D17CCBF7A}"
EndProject
Project("{FAE04EC0-301F-11D3-BF4B-00C04F79EFBC}") = "ModelLaundry", "ModelLaundry\ModelLaundry.csproj", "{1E524533-5830-4F5A-B3AA-C7C4A01C6BCB}"
EndProject
Global
	GlobalSection(SolutionConfigurationPlatforms) = preSolution
		Debug|Any CPU = Debug|Any CPU
		Debug64|Any CPU = Debug64|Any CPU
		Release|Any CPU = Release|Any CPU
	EndGlobalSection
	GlobalSection(ProjectConfigurationPlatforms) = postSolution
		{2E3B219E-7BD2-4F75-BFAF-9B7735827ED4}.Debug|Any CPU.ActiveCfg = Debug64|Any CPU
		{2E3B219E-7BD2-4F75-BFAF-9B7735827ED4}.Debug|Any CPU.Build.0 = Debug64|Any CPU
		{2E3B219E-7BD2-4F75-BFAF-9B7735827ED4}.Debug64|Any CPU.ActiveCfg = Debug64|Any CPU
		{2E3B219E-7BD2-4F75-BFAF-9B7735827ED4}.Debug64|Any CPU.Build.0 = Debug64|Any CPU
		{2E3B219E-7BD2-4F75-BFAF-9B7735827ED4}.Release|Any CPU.ActiveCfg = Release|Any CPU
		{2E3B219E-7BD2-4F75-BFAF-9B7735827ED4}.Release|Any CPU.Build.0 = Release|Any CPU
		{06A0AF0C-5092-4891-BA7E-216CBCDECAE5}.Debug|Any CPU.ActiveCfg = Debug64|Any CPU
		{06A0AF0C-5092-4891-BA7E-216CBCDECAE5}.Debug|Any CPU.Build.0 = Debug64|Any CPU
		{06A0AF0C-5092-4891-BA7E-216CBCDECAE5}.Debug64|Any CPU.ActiveCfg = Debug64|Any CPU
		{06A0AF0C-5092-4891-BA7E-216CBCDECAE5}.Debug64|Any CPU.Build.0 = Debug64|Any CPU
		{06A0AF0C-5092-4891-BA7E-216CBCDECAE5}.Release|Any CPU.ActiveCfg = Release|Any CPU
		{06A0AF0C-5092-4891-BA7E-216CBCDECAE5}.Release|Any CPU.Build.0 = Release|Any CPU
		{D6DFAEC2-6DEB-41B0-ADF2-5DBE009DC894}.Debug|Any CPU.ActiveCfg = Debug64|Any CPU
		{D6DFAEC2-6DEB-41B0-ADF2-5DBE009DC894}.Debug|Any CPU.Build.0 = Debug64|Any CPU
		{D6DFAEC2-6DEB-41B0-ADF2-5DBE009DC894}.Debug64|Any CPU.ActiveCfg = Debug64|Any CPU
		{D6DFAEC2-6DEB-41B0-ADF2-5DBE009DC894}.Debug64|Any CPU.Build.0 = Debug64|Any CPU
		{D6DFAEC2-6DEB-41B0-ADF2-5DBE009DC894}.Release|Any CPU.ActiveCfg = Release|Any CPU
		{D6DFAEC2-6DEB-41B0-ADF2-5DBE009DC894}.Release|Any CPU.Build.0 = Release|Any CPU
		{0E6AC63F-EE17-4655-84E9-558D17CCBF7A}.Debug|Any CPU.ActiveCfg = Debug64|Any CPU
		{0E6AC63F-EE17-4655-84E9-558D17CCBF7A}.Debug|Any CPU.Build.0 = Debug64|Any CPU
		{0E6AC63F-EE17-4655-84E9-558D17CCBF7A}.Debug64|Any CPU.ActiveCfg = Debug64|Any CPU
		{0E6AC63F-EE17-4655-84E9-558D17CCBF7A}.Debug64|Any CPU.Build.0 = Debug64|Any CPU
		{0E6AC63F-EE17-4655-84E9-558D17CCBF7A}.Release|Any CPU.ActiveCfg = Release|Any CPU
		{0E6AC63F-EE17-4655-84E9-558D17CCBF7A}.Release|Any CPU.Build.0 = Release|Any CPU
		{1E524533-5830-4F5A-B3AA-C7C4A01C6BCB}.Debug|Any CPU.ActiveCfg = Debug|Any CPU
		{1E524533-5830-4F5A-B3AA-C7C4A01C6BCB}.Debug|Any CPU.Build.0 = Debug|Any CPU
		{1E524533-5830-4F5A-B3AA-C7C4A01C6BCB}.Debug64|Any CPU.ActiveCfg = Debug|Any CPU
		{1E524533-5830-4F5A-B3AA-C7C4A01C6BCB}.Debug64|Any CPU.Build.0 = Debug|Any CPU
		{1E524533-5830-4F5A-B3AA-C7C4A01C6BCB}.Release|Any CPU.ActiveCfg = Release|Any CPU
		{1E524533-5830-4F5A-B3AA-C7C4A01C6BCB}.Release|Any CPU.Build.0 = Release|Any CPU
	EndGlobalSection
	GlobalSection(SolutionProperties) = preSolution
		HideSolutionNode = FALSE
	EndGlobalSection
EndGlobal
