
Microsoft Visual Studio Solution File, Format Version 12.00
# Visual Studio 14
VisualStudioVersion = 14.0.24720.0
MinimumVisualStudioVersion = 10.0.40219.1
Project("{FAE04EC0-301F-11D3-BF4B-00C04F79EFBC}") = "Alligator", "Alligator\Alligator.csproj", "{2E3B219E-7BD2-4F75-BFAF-9B7735827ED4}"
	ProjectSection(ProjectDependencies) = postProject
		{C273F369-B83A-4183-9A97-18CDB23C25C6} = {C273F369-B83A-4183-9A97-18CDB23C25C6}
	EndProjectSection
EndProject
Project("{FAE04EC0-301F-11D3-BF4B-00C04F79EFBC}") = "Mongo_Alligator", "Mongo_Alligator\Mongo_Alligator.csproj", "{E2311055-2431-440E-A199-7336878BB80A}"
EndProject
Project("{FAE04EC0-301F-11D3-BF4B-00C04F79EFBC}") = "Grasshopper_Engine", "Grasshopper_Engine\Grasshopper_Engine.csproj", "{C273F369-B83A-4183-9A97-18CDB23C25C6}"
EndProject
Project("{FAE04EC0-301F-11D3-BF4B-00C04F79EFBC}") = "FormFinding_Alligator", "FormFinding_Alligator\FormFinding_Alligator.csproj", "{F70B380C-F13B-443A-8A51-B33138DFCD3D}"
EndProject
Project("{FAE04EC0-301F-11D3-BF4B-00C04F79EFBC}") = "ModelLaundry_Alligator", "ModelLaundry_Alligator\ModelLaundry_Alligator.csproj", "{1E524533-5830-4F5A-B3AA-C7C4A01C6BCB}"
	ProjectSection(ProjectDependencies) = postProject
		{C273F369-B83A-4183-9A97-18CDB23C25C6} = {C273F369-B83A-4183-9A97-18CDB23C25C6}
	EndProjectSection
EndProject
Project("{FAE04EC0-301F-11D3-BF4B-00C04F79EFBC}") = "GHManipulator_Alligator", "GHManipulator_Alligator\GHManipulator_Alligator.csproj", "{215BD43E-2500-4A6C-B56A-38ABF9C6E7A0}"
EndProject
Project("{FAE04EC0-301F-11D3-BF4B-00C04F79EFBC}") = "GSA_Alligator", "GSA_Alligator\GSA_Alligator.csproj", "{8738F324-C0B3-48A7-A98C-22434F86D609}"
EndProject
Project("{FAE04EC0-301F-11D3-BF4B-00C04F79EFBC}") = "Kinect_Alligator", "Kinect_Alligator\Kinect_Alligator.csproj", "{96940580-6D5F-4FF6-B01D-0D77A85C6079}"
EndProject
Project("{FAE04EC0-301F-11D3-BF4B-00C04F79EFBC}") = "Robot_Alligator", "Robot_Alligator\Robot_Alligator.csproj", "{06A0AF0C-5092-4891-BA7E-216CBCDECAE5}"
	ProjectSection(ProjectDependencies) = postProject
		{C273F369-B83A-4183-9A97-18CDB23C25C6} = {C273F369-B83A-4183-9A97-18CDB23C25C6}
	EndProjectSection
EndProject
Project("{FAE04EC0-301F-11D3-BF4B-00C04F79EFBC}") = "SportVenueEvent_Alligator", "SportVenueEvent_Alligator\SportVenueEvent_Alligator.csproj", "{0E6AC63F-EE17-4655-84E9-558D17CCBF7A}"
EndProject
Project("{FAE04EC0-301F-11D3-BF4B-00C04F79EFBC}") = "StructuralDynamics_Alligator", "StructuralDynamics_Alligator\StructuralDynamics_Alligator.csproj", "{D6DFAEC2-6DEB-41B0-ADF2-5DBE009DC894}"
EndProject
Project("{FAE04EC0-301F-11D3-BF4B-00C04F79EFBC}") = "Etabs_Alligator", "Etabs_Alligator\Etabs_Alligator.csproj", "{EE6DA5F6-FA86-4D74-AA86-B87DD3868BC0}"
EndProject
Global
	GlobalSection(SolutionConfigurationPlatforms) = preSolution
		Debug|Any CPU = Debug|Any CPU
		Debug64|Any CPU = Debug64|Any CPU
		Release|Any CPU = Release|Any CPU
	EndGlobalSection
	GlobalSection(ProjectConfigurationPlatforms) = postSolution
		{2E3B219E-7BD2-4F75-BFAF-9B7735827ED4}.Debug|Any CPU.ActiveCfg = Debug64|Any CPU
		{2E3B219E-7BD2-4F75-BFAF-9B7735827ED4}.Debug|Any CPU.Build.0 = Debug64|Any CPU
		{2E3B219E-7BD2-4F75-BFAF-9B7735827ED4}.Debug64|Any CPU.ActiveCfg = Debug64|Any CPU
		{2E3B219E-7BD2-4F75-BFAF-9B7735827ED4}.Debug64|Any CPU.Build.0 = Debug64|Any CPU
		{2E3B219E-7BD2-4F75-BFAF-9B7735827ED4}.Release|Any CPU.ActiveCfg = Release|Any CPU
		{2E3B219E-7BD2-4F75-BFAF-9B7735827ED4}.Release|Any CPU.Build.0 = Release|Any CPU
		{E2311055-2431-440E-A199-7336878BB80A}.Debug|Any CPU.ActiveCfg = Debug|Any CPU
		{E2311055-2431-440E-A199-7336878BB80A}.Debug|Any CPU.Build.0 = Debug|Any CPU
		{E2311055-2431-440E-A199-7336878BB80A}.Debug64|Any CPU.ActiveCfg = Debug|Any CPU
		{E2311055-2431-440E-A199-7336878BB80A}.Debug64|Any CPU.Build.0 = Debug|Any CPU
		{E2311055-2431-440E-A199-7336878BB80A}.Release|Any CPU.ActiveCfg = Release|Any CPU
		{E2311055-2431-440E-A199-7336878BB80A}.Release|Any CPU.Build.0 = Release|Any CPU
		{C273F369-B83A-4183-9A97-18CDB23C25C6}.Debug|Any CPU.ActiveCfg = Debug|Any CPU
		{C273F369-B83A-4183-9A97-18CDB23C25C6}.Debug|Any CPU.Build.0 = Debug|Any CPU
		{C273F369-B83A-4183-9A97-18CDB23C25C6}.Debug64|Any CPU.ActiveCfg = Debug|Any CPU
		{C273F369-B83A-4183-9A97-18CDB23C25C6}.Debug64|Any CPU.Build.0 = Debug|Any CPU
		{C273F369-B83A-4183-9A97-18CDB23C25C6}.Release|Any CPU.ActiveCfg = Release|Any CPU
		{C273F369-B83A-4183-9A97-18CDB23C25C6}.Release|Any CPU.Build.0 = Release|Any CPU
		{F70B380C-F13B-443A-8A51-B33138DFCD3D}.Debug|Any CPU.ActiveCfg = Debug64|Any CPU
		{F70B380C-F13B-443A-8A51-B33138DFCD3D}.Debug|Any CPU.Build.0 = Debug64|Any CPU
		{F70B380C-F13B-443A-8A51-B33138DFCD3D}.Debug64|Any CPU.ActiveCfg = Debug64|Any CPU
		{F70B380C-F13B-443A-8A51-B33138DFCD3D}.Debug64|Any CPU.Build.0 = Debug64|Any CPU
		{F70B380C-F13B-443A-8A51-B33138DFCD3D}.Release|Any CPU.ActiveCfg = Release|Any CPU
		{F70B380C-F13B-443A-8A51-B33138DFCD3D}.Release|Any CPU.Build.0 = Release|Any CPU
		{1E524533-5830-4F5A-B3AA-C7C4A01C6BCB}.Debug|Any CPU.ActiveCfg = Debug|Any CPU
		{1E524533-5830-4F5A-B3AA-C7C4A01C6BCB}.Debug|Any CPU.Build.0 = Debug|Any CPU
		{1E524533-5830-4F5A-B3AA-C7C4A01C6BCB}.Debug64|Any CPU.ActiveCfg = Debug|Any CPU
		{1E524533-5830-4F5A-B3AA-C7C4A01C6BCB}.Debug64|Any CPU.Build.0 = Debug|Any CPU
		{1E524533-5830-4F5A-B3AA-C7C4A01C6BCB}.Release|Any CPU.ActiveCfg = Release|Any CPU
		{1E524533-5830-4F5A-B3AA-C7C4A01C6BCB}.Release|Any CPU.Build.0 = Release|Any CPU
		{215BD43E-2500-4A6C-B56A-38ABF9C6E7A0}.Debug|Any CPU.ActiveCfg = Debug|Any CPU
		{215BD43E-2500-4A6C-B56A-38ABF9C6E7A0}.Debug|Any CPU.Build.0 = Debug|Any CPU
		{215BD43E-2500-4A6C-B56A-38ABF9C6E7A0}.Debug64|Any CPU.ActiveCfg = Debug|Any CPU
		{215BD43E-2500-4A6C-B56A-38ABF9C6E7A0}.Debug64|Any CPU.Build.0 = Debug|Any CPU
		{215BD43E-2500-4A6C-B56A-38ABF9C6E7A0}.Release|Any CPU.ActiveCfg = Release|Any CPU
		{215BD43E-2500-4A6C-B56A-38ABF9C6E7A0}.Release|Any CPU.Build.0 = Release|Any CPU
		{8738F324-C0B3-48A7-A98C-22434F86D609}.Debug|Any CPU.ActiveCfg = Debug|Any CPU
		{8738F324-C0B3-48A7-A98C-22434F86D609}.Debug|Any CPU.Build.0 = Debug|Any CPU
		{8738F324-C0B3-48A7-A98C-22434F86D609}.Debug64|Any CPU.ActiveCfg = Debug|Any CPU
		{8738F324-C0B3-48A7-A98C-22434F86D609}.Debug64|Any CPU.Build.0 = Debug|Any CPU
		{8738F324-C0B3-48A7-A98C-22434F86D609}.Release|Any CPU.ActiveCfg = Release|Any CPU
		{8738F324-C0B3-48A7-A98C-22434F86D609}.Release|Any CPU.Build.0 = Release|Any CPU
		{96940580-6D5F-4FF6-B01D-0D77A85C6079}.Debug|Any CPU.ActiveCfg = Debug|Any CPU
		{96940580-6D5F-4FF6-B01D-0D77A85C6079}.Debug|Any CPU.Build.0 = Debug|Any CPU
		{96940580-6D5F-4FF6-B01D-0D77A85C6079}.Debug64|Any CPU.ActiveCfg = Debug|Any CPU
		{96940580-6D5F-4FF6-B01D-0D77A85C6079}.Debug64|Any CPU.Build.0 = Debug|Any CPU
		{96940580-6D5F-4FF6-B01D-0D77A85C6079}.Release|Any CPU.ActiveCfg = Release|Any CPU
		{96940580-6D5F-4FF6-B01D-0D77A85C6079}.Release|Any CPU.Build.0 = Release|Any CPU
		{06A0AF0C-5092-4891-BA7E-216CBCDECAE5}.Debug|Any CPU.ActiveCfg = Debug64|Any CPU
		{06A0AF0C-5092-4891-BA7E-216CBCDECAE5}.Debug|Any CPU.Build.0 = Debug64|Any CPU
		{06A0AF0C-5092-4891-BA7E-216CBCDECAE5}.Debug64|Any CPU.ActiveCfg = Debug64|Any CPU
		{06A0AF0C-5092-4891-BA7E-216CBCDECAE5}.Debug64|Any CPU.Build.0 = Debug64|Any CPU
		{06A0AF0C-5092-4891-BA7E-216CBCDECAE5}.Release|Any CPU.ActiveCfg = Release|Any CPU
		{06A0AF0C-5092-4891-BA7E-216CBCDECAE5}.Release|Any CPU.Build.0 = Release|Any CPU
		{0E6AC63F-EE17-4655-84E9-558D17CCBF7A}.Debug|Any CPU.ActiveCfg = Debug64|Any CPU
		{0E6AC63F-EE17-4655-84E9-558D17CCBF7A}.Debug|Any CPU.Build.0 = Debug64|Any CPU
		{0E6AC63F-EE17-4655-84E9-558D17CCBF7A}.Debug64|Any CPU.ActiveCfg = Debug64|Any CPU
		{0E6AC63F-EE17-4655-84E9-558D17CCBF7A}.Debug64|Any CPU.Build.0 = Debug64|Any CPU
		{0E6AC63F-EE17-4655-84E9-558D17CCBF7A}.Release|Any CPU.ActiveCfg = Release|Any CPU
		{0E6AC63F-EE17-4655-84E9-558D17CCBF7A}.Release|Any CPU.Build.0 = Release|Any CPU
		{D6DFAEC2-6DEB-41B0-ADF2-5DBE009DC894}.Debug|Any CPU.ActiveCfg = Debug64|Any CPU
		{D6DFAEC2-6DEB-41B0-ADF2-5DBE009DC894}.Debug|Any CPU.Build.0 = Debug64|Any CPU
		{D6DFAEC2-6DEB-41B0-ADF2-5DBE009DC894}.Debug64|Any CPU.ActiveCfg = Debug64|Any CPU
		{D6DFAEC2-6DEB-41B0-ADF2-5DBE009DC894}.Debug64|Any CPU.Build.0 = Debug64|Any CPU
		{D6DFAEC2-6DEB-41B0-ADF2-5DBE009DC894}.Release|Any CPU.ActiveCfg = Release|Any CPU
		{D6DFAEC2-6DEB-41B0-ADF2-5DBE009DC894}.Release|Any CPU.Build.0 = Release|Any CPU
		{EE6DA5F6-FA86-4D74-AA86-B87DD3868BC0}.Debug|Any CPU.ActiveCfg = Debug|Any CPU
		{EE6DA5F6-FA86-4D74-AA86-B87DD3868BC0}.Debug|Any CPU.Build.0 = Debug|Any CPU
		{EE6DA5F6-FA86-4D74-AA86-B87DD3868BC0}.Debug64|Any CPU.ActiveCfg = Debug|Any CPU
		{EE6DA5F6-FA86-4D74-AA86-B87DD3868BC0}.Debug64|Any CPU.Build.0 = Debug|Any CPU
		{EE6DA5F6-FA86-4D74-AA86-B87DD3868BC0}.Release|Any CPU.ActiveCfg = Release|Any CPU
		{EE6DA5F6-FA86-4D74-AA86-B87DD3868BC0}.Release|Any CPU.Build.0 = Release|Any CPU
	EndGlobalSection
	GlobalSection(SolutionProperties) = preSolution
		HideSolutionNode = FALSE
	EndGlobalSection
EndGlobal
