
Microsoft Visual Studio Solution File, Format Version 12.00
# Visual Studio 15
VisualStudioVersion = 15.0.28307.168
MinimumVisualStudioVersion = 10.0.40219.1
Project("{FAE04EC0-301F-11D3-BF4B-00C04F79EFBC}") = "Grasshopper_UI", "Grasshopper_UI\Grasshopper_UI.csproj", "{2E3B219E-7BD2-4F75-BFAF-9B7735827ED4}"
EndProject
Project("{FAE04EC0-301F-11D3-BF4B-00C04F79EFBC}") = "Grasshopper_Engine", "Grasshopper_Engine\Grasshopper_Engine.csproj", "{DDE47285-E709-4752-9AFD-6FA03B449364}"
EndProject
Global
	GlobalSection(SolutionConfigurationPlatforms) = preSolution
		Debug|Any CPU = Debug|Any CPU
		Debug64|Any CPU = Debug64|Any CPU
		Release|Any CPU = Release|Any CPU
	EndGlobalSection
	GlobalSection(ProjectConfigurationPlatforms) = postSolution
		{2E3B219E-7BD2-4F75-BFAF-9B7735827ED4}.Debug|Any CPU.ActiveCfg = Debug64|Any CPU
		{2E3B219E-7BD2-4F75-BFAF-9B7735827ED4}.Debug|Any CPU.Build.0 = Debug64|Any CPU
		{2E3B219E-7BD2-4F75-BFAF-9B7735827ED4}.Debug64|Any CPU.ActiveCfg = Debug64|Any CPU
		{2E3B219E-7BD2-4F75-BFAF-9B7735827ED4}.Debug64|Any CPU.Build.0 = Debug64|Any CPU
		{2E3B219E-7BD2-4F75-BFAF-9B7735827ED4}.Release|Any CPU.ActiveCfg = Release|Any CPU
		{2E3B219E-7BD2-4F75-BFAF-9B7735827ED4}.Release|Any CPU.Build.0 = Release|Any CPU
		{DDE47285-E709-4752-9AFD-6FA03B449364}.Debug|Any CPU.ActiveCfg = Debug|Any CPU
		{DDE47285-E709-4752-9AFD-6FA03B449364}.Debug|Any CPU.Build.0 = Debug|Any CPU
		{DDE47285-E709-4752-9AFD-6FA03B449364}.Debug64|Any CPU.ActiveCfg = Debug|Any CPU
		{DDE47285-E709-4752-9AFD-6FA03B449364}.Debug64|Any CPU.Build.0 = Debug|Any CPU
		{DDE47285-E709-4752-9AFD-6FA03B449364}.Release|Any CPU.ActiveCfg = Release|Any CPU
		{DDE47285-E709-4752-9AFD-6FA03B449364}.Release|Any CPU.Build.0 = Release|Any CPU
	EndGlobalSection
	GlobalSection(SolutionProperties) = preSolution
		HideSolutionNode = FALSE
	EndGlobalSection
	GlobalSection(ExtensibilityGlobals) = postSolution
		SolutionGuid = {5968F103-0D77-484F-88E5-28ED1BF9FD92}
	EndGlobalSection
EndGlobal
